lockfileVersion: '9.0'

settings:
  autoInstallPeers: true
  excludeLinksFromLockfile: false

importers:

  .:
    dependencies:
      '@openzeppelin/contracts':
        specifier: ^5.1.0
        version: 5.1.0
      '@openzeppelin/contracts-upgradeable':
        specifier: ^5.1.0
        version: 5.1.0(@openzeppelin/contracts@5.1.0)

packages:

  '@openzeppelin/contracts-upgradeable@5.1.0':
    resolution: {integrity: sha512-AIElwP5Ck+cslNE+Hkemf5SxjJoF4wBvvjxc27Rp+9jaPs/CLIaUBMYe1FNzhdiN0cYuwGRmYaRHmmntuiju4Q==}
    peerDependencies:
      '@openzeppelin/contracts': 5.1.0

  '@openzeppelin/contracts@5.1.0':
    resolution: {integrity: sha512-p1ULhl7BXzjjbha5aqst+QMLY+4/LCWADXOCsmLHRM77AqiPjnd9vvUN9sosUfhL9JGKpZ0TjEGxgvnizmWGSA==}

snapshots:

  '@openzeppelin/contracts-upgradeable@5.1.0(@openzeppelin/contracts@5.1.0)':
    dependencies:
      '@openzeppelin/contracts': 5.1.0

  '@openzeppelin/contracts@5.1.0': {}
